{
  "name": "census-county-boundaries",
  "version": "1.0.0",
  "lockfileVersion": 3,
  "requires": true,
  "packages": {
    "": {
      "name": "census-county-boundaries",
      "version": "1.0.0",
      "license": "ISC",
      "dependencies": {
        "adm-zip": "^0.5.17",
        "csv-stringify": "^6.8.0"
      }
    },
    "node_modules/adm-zip": {
      "version": "0.5.17",
      "resolved": "https://registry.npmjs.org/adm-zip/-/adm-zip-0.5.17.tgz",
      "integrity": "sha512-+Ut8d9LLqwEvHHJl1+PIHqoyDxFgVN847JTVM3Izi3xHDWPE4UtzzXysMZQs64DMcrJfBeS/uoEP4AD3HQHnQQ==",
      "license": "MIT",
      "engines": {
        "node": ">=12.0"
      }
    },
    "node_modules/csv-stringify": {
      "version": "6.8.0",
      "resolved": "https://registry.npmjs.org/csv-stringify/-/csv-stringify-6.8.0.tgz",
      "integrity": "sha512-Ya0OOHb6XbgPaZKH7dcdmwXe3azUS0TwmlbVdS75HoAhnHApSkiQcfEJoC/s5WwGsrXwOjBDr3FTmCZPjkssgg==",
      "license": "MIT"
    }
  }
}
